
Microsoft Visual Studio Solution File, Format Version 12.00
# Visual Studio Version 16
VisualStudioVersion = 16.0.30523.141
MinimumVisualStudioVersion = 10.0.40219.1
Project("{FAE04EC0-301F-11D3-BF4B-00C04F79EFBC}") = "Woordenboek", "060121 oefeningenCollections\Woordenboek.csproj", "{F53A4E4B-CD51-4F9D-B413-0D2947AA6D1E}"
EndProject
Project("{FAE04EC0-301F-11D3-BF4B-00C04F79EFBC}") = "Merken", "Merken\Merken.csproj", "{971BBB5D-6D30-4C1B-8ECA-905D5E98AB5E}"
EndProject
Global
	GlobalSection(SolutionConfigurationPlatforms) = preSolution
		Debug|Any CPU = Debug|Any CPU
		Release|Any CPU = Release|Any CPU
	EndGlobalSection
	GlobalSection(ProjectConfigurationPlatforms) = postSolution
		{F53A4E4B-CD51-4F9D-B413-0D2947AA6D1E}.Debug|Any CPU.ActiveCfg = Debug|Any CPU
		{F53A4E4B-CD51-4F9D-B413-0D2947AA6D1E}.Debug|Any CPU.Build.0 = Debug|Any CPU
		{F53A4E4B-CD51-4F9D-B413-0D2947AA6D1E}.Release|Any CPU.ActiveCfg = Release|Any CPU
		{F53A4E4B-CD51-4F9D-B413-0D2947AA6D1E}.Release|Any CPU.Build.0 = Release|Any CPU
		{971BBB5D-6D30-4C1B-8ECA-905D5E98AB5E}.Debug|Any CPU.ActiveCfg = Debug|Any CPU
		{971BBB5D-6D30-4C1B-8ECA-905D5E98AB5E}.Debug|Any CPU.Build.0 = Debug|Any CPU
		{971BBB5D-6D30-4C1B-8ECA-905D5E98AB5E}.Release|Any CPU.ActiveCfg = Release|Any CPU
		{971BBB5D-6D30-4C1B-8ECA-905D5E98AB5E}.Release|Any CPU.Build.0 = Release|Any CPU
	EndGlobalSection
	GlobalSection(SolutionProperties) = preSolution
		HideSolutionNode = FALSE
	EndGlobalSection
	GlobalSection(ExtensibilityGlobals) = postSolution
		SolutionGuid = {5038737C-53AA-4318-A912-E966A8EA34CF}
	EndGlobalSection
EndGlobal
